// !$*UTF8*$!
{
	archiveVersion = 1;
	classes = {
	};
	objectVersion = 46;
	objects = {

/* Begin PBXBuildFile section */
		58BF34831DC8A51400E0DAC5 /* main.m in Sources */ = {isa = PBXBuildFile; fileRef = 58BF34821DC8A51400E0DAC5 /* main.m */; };
		58BF34861DC8A51400E0DAC5 /* AppDelegate.m in Sources */ = {isa = PBXBuildFile; fileRef = 58BF34851DC8A51400E0DAC5 /* AppDelegate.m */; };
		58BF34891DC8A51400E0DAC5 /* ViewController.m in Sources */ = {isa = PBXBuildFile; fileRef = 58BF34881DC8A51400E0DAC5 /* ViewController.m */; };
		58BF348C1DC8A51400E0DAC5 /* Main.storyboard in Resources */ = {isa = PBXBuildFile; fileRef = 58BF348A1DC8A51400E0DAC5 /* Main.storyboard */; };
		58BF348E1DC8A51400E0DAC5 /* Assets.xcassets in Resources */ = {isa = PBXBuildFile; fileRef = 58BF348D1DC8A51400E0DAC5 /* Assets.xcassets */; };
		58BF34911DC8A51400E0DAC5 /* LaunchScreen.storyboard in Resources */ = {isa = PBXBuildFile; fileRef = 58BF348F1DC8A51400E0DAC5 /* LaunchScreen.storyboard */; };
		58BF349C1DC8A51400E0DAC5 /* JJSimpleRevealVCDemoTests.m in Sources */ = {isa = PBXBuildFile; fileRef = 58BF349B1DC8A51400E0DAC5 /* JJSimpleRevealVCDemoTests.m */; };
		58BF34A71DC8A51400E0DAC5 /* JJSimpleRevealVCDemoUITests.m in Sources */ = {isa = PBXBuildFile; fileRef = 58BF34A61DC8A51400E0DAC5 /* JJSimpleRevealVCDemoUITests.m */; };
/* End PBXBuildFile section */

/* Begin PBXContainerItemProxy section */
		58BF34981DC8A51400E0DAC5 /* PBXContainerItemProxy */ = {
			isa = PBXContainerItemProxy;
			containerPortal = 58BF34761DC8A51400E0DAC5 /* Project object */;
			proxyType = 1;
			remoteGlobalIDString = 58BF347D1DC8A51400E0DAC5;
			remoteInfo = JJSimpleRevealVCDemo;
		};
		58BF34A31DC8A51400E0DAC5 /* PBXContainerItemProxy */ = {
			isa = PBXContainerItemProxy;
			containerPortal = 58BF34761DC8A51400E0DAC5 /* Project object */;
			proxyType = 1;
			remoteGlobalIDString = 58BF347D1DC8A51400E0DAC5;
			remoteInfo = JJSimpleRevealVCDemo;
		};
/* End PBXContainerItemProxy section */

/* Begin PBXFileReference section */
		58BF347E1DC8A51400E0DAC5 /* JJSimpleRevealVCDemo.app */ = {isa = PBXFileReference; explicitFileType = wrapper.application; includeInIndex = 0; path = JJSimpleRevealVCDemo.app; sourceTree = BUILT_PRODUCTS_DIR; };
		58BF34821DC8A51400E0DAC5 /* main.m */ = {isa = PBXFileReference; lastKnownFileType = sourcecode.c.objc; path = main.m; sourceTree = "<group>"; };
		58BF34841DC8A51400E0DAC5 /* AppDelegate.h */ = {isa = PBXFileReference; lastKnownFileType = sourcecode.c.h; path = AppDelegate.h; sourceTree = "<group>"; };
		58BF34851DC8A51400E0DAC5 /* AppDelegate.m */ = {isa = PBXFileReference; lastKnownFileType = sourcecode.c.objc; path = AppDelegate.m; sourceTree = "<group>"; };
		58BF34871DC8A51400E0DAC5 /* ViewController.h */ = {isa = PBXFileReference; lastKnownFileType = sourcecode.c.h; path = ViewController.h; sourceTree = "<group>"; };
		58BF34881DC8A51400E0DAC5 /* ViewController.m */ = {isa = PBXFileReference; lastKnownFileType = sourcecode.c.objc; path = ViewController.m; sourceTree = "<group>"; };
		58BF348B1DC8A51400E0DAC5 /* Base */ = {isa = PBXFileReference; lastKnownFileType = file.storyboard; name = Base; path = Base.lproj/Main.storyboard; sourceTree = "<group>"; };
		58BF348D1DC8A51400E0DAC5 /* Assets.xcassets */ = {isa = PBXFileReference; lastKnownFileType = folder.assetcatalog; path = Assets.xcassets; sourceTree = "<group>"; };
		58BF34901DC8A51400E0DAC5 /* Base */ = {isa = PBXFileReference; lastKnownFileType = file.storyboard; name = Base; path = Base.lproj/LaunchScreen.storyboard; sourceTree = "<group>"; };
		58BF34921DC8A51400E0DAC5 /* Info.plist */ = {isa = PBXFileReference; lastKnownFileType = text.plist.xml; path = Info.plist; sourceTree = "<group>"; };
		58BF34971DC8A51400E0DAC5 /* JJSimpleRevealVCDemoTests.xctest */ = {isa = PBXFileReference; explicitFileType = wrapper.cfbundle; includeInIndex = 0; path = JJSimpleRevealVCDemoTests.xctest; sourceTree = BUILT_PRODUCTS_DIR; };
		58BF349B1DC8A51400E0DAC5 /* JJSimpleRevealVCDemoTests.m */ = {isa = PBXFileReference; lastKnownFileType = sourcecode.c.objc; path = JJSimpleRevealVCDemoTests.m; sourceTree = "<group>"; };
		58BF349D1DC8A51400E0DAC5 /* Info.plist */ = {isa = PBXFileReference; lastKnownFileType = text.plist.xml; path = Info.plist; sourceTree = "<group>"; };
		58BF34A21DC8A51400E0DAC5 /* JJSimpleRevealVCDemoUITests.xctest */ = {isa = PBXFileReference; explicitFileType = wrapper.cfbundle; includeInIndex = 0; path = JJSimpleRevealVCDemoUITests.xctest; sourceTree = BUILT_PRODUCTS_DIR; };
		58BF34A61DC8A51400E0DAC5 /* JJSimpleRevealVCDemoUITests.m */ = {isa = PBXFileReference; lastKnownFileType = sourcecode.c.objc; path = JJSimpleRevealVCDemoUITests.m; sourceTree = "<group>"; };
		58BF34A81DC8A51400E0DAC5 /* Info.plist */ = {isa = PBXFileReference; lastKnownFileType = text.plist.xml; path = Info.plist; sourceTree = "<group>"; };
/* End PBXFileReference section */

/* Begin PBXFrameworksBuildPhase section */
		58BF347B1DC8A51400E0DAC5 /* Frameworks */ = {
			isa = PBXFrameworksBuildPhase;
			buildActionMask = 2147483647;
			files = (
			);
			runOnlyForDeploymentPostprocessing = 0;
		};
		58BF34941DC8A51400E0DAC5 /* Frameworks */ = {
			isa = PBXFrameworksBuildPhase;
			buildActionMask = 2147483647;
			files = (
			);
			runOnlyForDeploymentPostprocessing = 0;
		};
		58BF349F1DC8A51400E0DAC5 /* Frameworks */ = {
			isa = PBXFrameworksBuildPhase;
			buildActionMask = 2147483647;
			files = (
			);
			runOnlyForDeploymentPostprocessing = 0;
		};
/* End PBXFrameworksBuildPhase section */

/* Begin PBXGroup section */
		58BF34751DC8A51400E0DAC5 = {
			isa = PBXGroup;
			children = (
				58BF34801DC8A51400E0DAC5 /* JJSimpleRevealVCDemo */,
				58BF349A1DC8A51400E0DAC5 /* JJSimpleRevealVCDemoTests */,
				58BF34A51DC8A51400E0DAC5 /* JJSimpleRevealVCDemoUITests */,
				58BF347F1DC8A51400E0DAC5 /* Products */,
			);
			sourceTree = "<group>";
		};
		58BF347F1DC8A51400E0DAC5 /* Products */ = {
			isa = PBXGroup;
			children = (
				58BF347E1DC8A51400E0DAC5 /* JJSimpleRevealVCDemo.app */,
				58BF34971DC8A51400E0DAC5 /* JJSimpleRevealVCDemoTests.xctest */,
				58BF34A21DC8A51400E0DAC5 /* JJSimpleRevealVCDemoUITests.xctest */,
			);
			name = Products;
			sourceTree = "<group>";
		};
		58BF34801DC8A51400E0DAC5 /* JJSimpleRevealVCDemo */ = {
			isa = PBXGroup;
			children = (
				58BF34841DC8A51400E0DAC5 /* AppDelegate.h */,
				58BF34851DC8A51400E0DAC5 /* AppDelegate.m */,
				58BF34871DC8A51400E0DAC5 /* ViewController.h */,
				58BF34881DC8A51400E0DAC5 /* ViewController.m */,
				58BF348A1DC8A51400E0DAC5 /* Main.storyboard */,
				58BF348D1DC8A51400E0DAC5 /* Assets.xcassets */,
				58BF348F1DC8A51400E0DAC5 /* LaunchScreen.storyboard */,
				58BF34921DC8A51400E0DAC5 /* Info.plist */,
				58BF34811DC8A51400E0DAC5 /* Supporting Files */,
			);
			path = JJSimpleRevealVCDemo;
			sourceTree = "<group>";
		};
		58BF34811DC8A51400E0DAC5 /* Supporting Files */ = {
			isa = PBXGroup;
			children = (
				58BF34821DC8A51400E0DAC5 /* main.m */,
			);
			name = "Supporting Files";
			sourceTree = "<group>";
		};
		58BF349A1DC8A51400E0DAC5 /* JJSimpleRevealVCDemoTests */ = {
			isa = PBXGroup;
			children = (
				58BF349B1DC8A51400E0DAC5 /* JJSimpleRevealVCDemoTests.m */,
				58BF349D1DC8A51400E0DAC5 /* Info.plist */,
			);
			path = JJSimpleRevealVCDemoTests;
			sourceTree = "<group>";
		};
		58BF34A51DC8A51400E0DAC5 /* JJSimpleRevealVCDemoUITests */ = {
			isa = PBXGroup;
			children = (
				58BF34A61DC8A51400E0DAC5 /* JJSimpleRevealVCDemoUITests.m */,
				58BF34A81DC8A51400E0DAC5 /* Info.plist */,
			);
			path = JJSimpleRevealVCDemoUITests;
			sourceTree = "<group>";
		};
/* End PBXGroup section */

/* Begin PBXNativeTarget section */
		58BF347D1DC8A51400E0DAC5 /* JJSimpleRevealVCDemo */ = {
			isa = PBXNativeTarget;
			buildConfigurationList = 58BF34AB1DC8A51400E0DAC5 /* Build configuration list for PBXNativeTarget "JJSimpleRevealVCDemo" */;
			buildPhases = (
				58BF347A1DC8A51400E0DAC5 /* Sources */,
				58BF347B1DC8A51400E0DAC5 /* Frameworks */,
				58BF347C1DC8A51400E0DAC5 /* Resources */,
			);
			buildRules = (
			);
			dependencies = (
			);
			name = JJSimpleRevealVCDemo;
			productName = JJSimpleRevealVCDemo;
			productReference = 58BF347E1DC8A51400E0DAC5 /* JJSimpleRevealVCDemo.app */;
			productType = "com.apple.product-type.application";
		};
		58BF34961DC8A51400E0DAC5 /* JJSimpleRevealVCDemoTests */ = {
			isa = PBXNativeTarget;
			buildConfigurationList = 58BF34AE1DC8A51400E0DAC5 /* Build configuration list for PBXNativeTarget "JJSimpleRevealVCDemoTests" */;
			buildPhases = (
				58BF34931DC8A51400E0DAC5 /* Sources */,
				58BF34941DC8A51400E0DAC5 /* Frameworks */,
				58BF34951DC8A51400E0DAC5 /* Resources */,
			);
			buildRules = (
			);
			dependencies = (
				58BF34991DC8A51400E0DAC5 /* PBXTargetDependency */,
			);
			name = JJSimpleRevealVCDemoTests;
			productName = JJSimpleRevealVCDemoTests;
			productReference = 58BF34971DC8A51400E0DAC5 /* JJSimpleRevealVCDemoTests.xctest */;
			productType = "com.apple.product-type.bundle.unit-test";
		};
		58BF34A11DC8A51400E0DAC5 /* JJSimpleRevealVCDemoUITests */ = {
			isa = PBXNativeTarget;
			buildConfigurationList = 58BF34B11DC8A51400E0DAC5 /* Build configuration list for PBXNativeTarget "JJSimpleRevealVCDemoUITests" */;
			buildPhases = (
				58BF349E1DC8A51400E0DAC5 /* Sources */,
				58BF349F1DC8A51400E0DAC5 /* Frameworks */,
				58BF34A01DC8A51400E0DAC5 /* Resources */,
			);
			buildRules = (
			);
			dependencies = (
				58BF34A41DC8A51400E0DAC5 /* PBXTargetDependency */,
			);
			name = JJSimpleRevealVCDemoUITests;
			productName = JJSimpleRevealVCDemoUITests;
			productReference = 58BF34A21DC8A51400E0DAC5 /* JJSimpleRevealVCDemoUITests.xctest */;
			productType = "com.apple.product-type.bundle.ui-testing";
		};
/* End PBXNativeTarget section */

/* Begin PBXProject section */
		58BF34761DC8A51400E0DAC5 /* Project object */ = {
			isa = PBXProject;
			attributes = {
				LastUpgradeCheck = 0810;
				ORGANIZATIONNAME = "刘佳杰";
				TargetAttributes = {
					58BF347D1DC8A51400E0DAC5 = {
						CreatedOnToolsVersion = 8.1;
						DevelopmentTeam = DJYQ9E2R5Z;
						ProvisioningStyle = Automatic;
					};
					58BF34961DC8A51400E0DAC5 = {
						CreatedOnToolsVersion = 8.1;
						DevelopmentTeam = DJYQ9E2R5Z;
						ProvisioningStyle = Automatic;
						TestTargetID = 58BF347D1DC8A51400E0DAC5;
					};
					58BF34A11DC8A51400E0DAC5 = {
						CreatedOnToolsVersion = 8.1;
						DevelopmentTeam = DJYQ9E2R5Z;
						ProvisioningStyle = Automatic;
						TestTargetID = 58BF347D1DC8A51400E0DAC5;
					};
				};
			};
			buildConfigurationList = 58BF34791DC8A51400E0DAC5 /* Build configuration list for PBXProject "JJSimpleRevealVCDemo" */;
			compatibilityVersion = "Xcode 3.2";
			developmentRegion = English;
			hasScannedForEncodings = 0;
			knownRegions = (
				en,
				Base,
			);
			mainGroup = 58BF34751DC8A51400E0DAC5;
			productRefGroup = 58BF347F1DC8A51400E0DAC5 /* Products */;
			projectDirPath = "";
			projectRoot = "";
			targets = (
				58BF347D1DC8A51400E0DAC5 /* JJSimpleRevealVCDemo */,
				58BF34961DC8A51400E0DAC5 /* JJSimpleRevealVCDemoTests */,
				58BF34A11DC8A51400E0DAC5 /* JJSimpleRevealVCDemoUITests */,
			);
		};
/* End PBXProject section */

/* Begin PBXResourcesBuildPhase section */
		58BF347C1DC8A51400E0DAC5 /* Resources */ = {
			isa = PBXResourcesBuildPhase;
			buildActionMask = 2147483647;
			files = (
				58BF34911DC8A51400E0DAC5 /* LaunchScreen.storyboard in Resources */,
				58BF348E1DC8A51400E0DAC5 /* Assets.xcassets in Resources */,
				58BF348C1DC8A51400E0DAC5 /* Main.storyboard in Resources */,
			);
			runOnlyForDeploymentPostprocessing = 0;
		};
		58BF34951DC8A51400E0DAC5 /* Resources */ = {
			isa = PBXResourcesBuildPhase;
			buildActionMask = 2147483647;
			files = (
			);
			runOnlyForDeploymentPostprocessing = 0;
		};
		58BF34A01DC8A51400E0DAC5 /* Resources */ = {
			isa = PBXResourcesBuildPhase;
			buildActionMask = 2147483647;
			files = (
			);
			runOnlyForDeploymentPostprocessing = 0;
		};
/* End PBXResourcesBuildPhase section */

/* Begin PBXSourcesBuildPhase section */
		58BF347A1DC8A51400E0DAC5 /* Sources */ = {
			isa = PBXSourcesBuildPhase;
			buildActionMask = 2147483647;
			files = (
				58BF34891DC8A51400E0DAC5 /* ViewController.m in Sources */,
				58BF34861DC8A51400E0DAC5 /* AppDelegate.m in Sources */,
				58BF34831DC8A51400E0DAC5 /* main.m in Sources */,
			);
			runOnlyForDeploymentPostprocessing = 0;
		};
		58BF34931DC8A51400E0DAC5 /* Sources */ = {
			isa = PBXSourcesBuildPhase;
			buildActionMask = 2147483647;
			files = (
				58BF349C1DC8A51400E0DAC5 /* JJSimpleRevealVCDemoTests.m in Sources */,
			);
			runOnlyForDeploymentPostprocessing = 0;
		};
		58BF349E1DC8A51400E0DAC5 /* Sources */ = {
			isa = PBXSourcesBuildPhase;
			buildActionMask = 2147483647;
			files = (
				58BF34A71DC8A51400E0DAC5 /* JJSimpleRevealVCDemoUITests.m in Sources */,
			);
			runOnlyForDeploymentPostprocessing = 0;
		};
/* End PBXSourcesBuildPhase section */

/* Begin PBXTargetDependency section */
		58BF34991DC8A51400E0DAC5 /* PBXTargetDependency */ = {
			isa = PBXTargetDependency;
			target = 58BF347D1DC8A51400E0DAC5 /* JJSimpleRevealVCDemo */;
			targetProxy = 58BF34981DC8A51400E0DAC5 /* PBXContainerItemProxy */;
		};
		58BF34A41DC8A51400E0DAC5 /* PBXTargetDependency */ = {
			isa = PBXTargetDependency;
			target = 58BF347D1DC8A51400E0DAC5 /* JJSimpleRevealVCDemo */;
			targetProxy = 58BF34A31DC8A51400E0DAC5 /* PBXContainerItemProxy */;
		};
/* End PBXTargetDependency section */

/* Begin PBXVariantGroup section */
		58BF348A1DC8A51400E0DAC5 /* Main.storyboard */ = {
			isa = PBXVariantGroup;
			children = (
				58BF348B1DC8A51400E0DAC5 /* Base */,
			);
			name = Main.storyboard;
			sourceTree = "<group>";
		};
		58BF348F1DC8A51400E0DAC5 /* LaunchScreen.storyboard */ = {
			isa = PBXVariantGroup;
			children = (
				58BF34901DC8A51400E0DAC5 /* Base */,
			);
			name = LaunchScreen.storyboard;
			sourceTree = "<group>";
		};
/* End PBXVariantGroup section */

/* Begin XCBuildConfiguration section */
		58BF34A91DC8A51400E0DAC5 /* Debug */ = {
			isa = XCBuildConfiguration;
			buildSettings = {
				ALWAYS_SEARCH_USER_PATHS = NO;
				CLANG_ANALYZER_NONNULL = YES;
				CLANG_CXX_LANGUAGE_STANDARD = "gnu++0x";
				CLANG_CXX_LIBRARY = "libc++";
				CLANG_ENABLE_MODULES = YES;
				CLANG_ENABLE_OBJC_ARC = YES;
				CLANG_WARN_BOOL_CONVERSION = YES;
				CLANG_WARN_CONSTANT_CONVERSION = YES;
				CLANG_WARN_DIRECT_OBJC_ISA_USAGE = YES_ERROR;
				CLANG_WARN_DOCUMENTATION_COMMENTS = YES;
				CLANG_WARN_EMPTY_BODY = YES;
				CLANG_WARN_ENUM_CONVERSION = YES;
				CLANG_WARN_INFINITE_RECURSION = YES;
				CLANG_WARN_INT_CONVERSION = YES;
				CLANG_WARN_OBJC_ROOT_CLASS = YES_ERROR;
				CLANG_WARN_SUSPICIOUS_MOVES = YES;
				CLANG_WARN_UNREACHABLE_CODE = YES;
				CLANG_WARN__DUPLICATE_METHOD_MATCH = YES;
				"CODE_SIGN_IDENTITY[sdk=iphoneos*]" = "iPhone Developer";
				COPY_PHASE_STRIP = NO;
				DEBUG_INFORMATION_FORMAT = dwarf;
				ENABLE_STRICT_OBJC_MSGSEND = YES;
				ENABLE_TESTABILITY = YES;
				GCC_C_LANGUAGE_STANDARD = gnu99;
				GCC_DYNAMIC_NO_PIC = NO;
				GCC_NO_COMMON_BLOCKS = YES;
				GCC_OPTIMIZATION_LEVEL = 0;
				GCC_PREPROCESSOR_DEFINITIONS = (
					"DEBUG=1",
					"$(inherited)",
				);
				GCC_WARN_64_TO_32_BIT_CONVERSION = YES;
				GCC_WARN_ABOUT_RETURN_TYPE = YES_ERROR;
				GCC_WARN_UNDECLARED_SELECTOR = YES;
				GCC_WARN_UNINITIALIZED_AUTOS = YES_AGGRESSIVE;
				GCC_WARN_UNUSED_FUNCTION = YES;
				GCC_WARN_UNUSED_VARIABLE = YES;
				IPHONEOS_DEPLOYMENT_TARGET = 10.1;
				MTL_ENABLE_DEBUG_INFO = YES;
				ONLY_ACTIVE_ARCH = YES;
				SDKROOT = iphoneos;
			};
			name = Debug;
		};
		58BF34AA1DC8A51400E0DAC5 /* Release */ = {
			isa = XCBuildConfiguration;
			buildSettings = {
				ALWAYS_SEARCH_USER_PATHS = NO;
				CLANG_ANALYZER_NONNULL = YES;
				CLANG_CXX_LANGUAGE_STANDARD = "gnu++0x";
				CLANG_CXX_LIBRARY = "libc++";
				CLANG_ENABLE_MODULES = YES;
				CLANG_ENABLE_OBJC_ARC = YES;
				CLANG_WARN_BOOL_CONVERSION = YES;
				CLANG_WARN_CONSTANT_CONVERSION = YES;
				CLANG_WARN_DIRECT_OBJC_ISA_USAGE = YES_ERROR;
				CLANG_WARN_DOCUMENTATION_COMMENTS = YES;
				CLANG_WARN_EMPTY_BODY = YES;
				CLANG_WARN_ENUM_CONVERSION = YES;
				CLANG_WARN_INFINITE_RECURSION = YES;
				CLANG_WARN_INT_CONVERSION = YES;
				CLANG_WARN_OBJC_ROOT_CLASS = YES_ERROR;
				CLANG_WARN_SUSPICIOUS_MOVES = YES;
				CLANG_WARN_UNREACHABLE_CODE = YES;
				CLANG_WARN__DUPLICATE_METHOD_MATCH = YES;
				"CODE_SIGN_IDENTITY[sdk=iphoneos*]" = "iPhone Developer";
				COPY_PHASE_STRIP = NO;
				DEBUG_INFORMATION_FORMAT = "dwarf-with-dsym";
				ENABLE_NS_ASSERTIONS = NO;
				ENABLE_STRICT_OBJC_MSGSEND = YES;
				GCC_C_LANGUAGE_STANDARD = gnu99;
				GCC_NO_COMMON_BLOCKS = YES;
				GCC_WARN_64_TO_32_BIT_CONVERSION = YES;
				GCC_WARN_ABOUT_RETURN_TYPE = YES_ERROR;
				GCC_WARN_UNDECLARED_SELECTOR = YES;
				GCC_WARN_UNINITIALIZED_AUTOS = YES_AGGRESSIVE;
				GCC_WARN_UNUSED_FUNCTION = YES;
				GCC_WARN_UNUSED_VARIABLE = YES;
				IPHONEOS_DEPLOYMENT_TARGET = 10.1;
				MTL_ENABLE_DEBUG_INFO = NO;
				SDKROOT = iphoneos;
				VALIDATE_PRODUCT = YES;
			};
			name = Release;
		};
		58BF34AC1DC8A51400E0DAC5 /* Debug */ = {
			isa = XCBuildConfiguration;
			buildSettings = {
				ASSETCATALOG_COMPILER_APPICON_NAME = AppIcon;
				DEVELOPMENT_TEAM = DJYQ9E2R5Z;
				INFOPLIST_FILE = JJSimpleRevealVCDemo/Info.plist;
				LD_RUNPATH_SEARCH_PATHS = "$(inherited) @executable_path/Frameworks";
				PRODUCT_BUNDLE_IDENTIFIER = self.edu.JJSimpleRevealVCDemo;
				PRODUCT_NAME = "$(TARGET_NAME)";
			};
			name = Debug;
		};
		58BF34AD1DC8A51400E0DAC5 /* Release */ = {
			isa = XCBuildConfiguration;
			buildSettings = {
				ASSETCATALOG_COMPILER_APPICON_NAME = AppIcon;
				DEVELOPMENT_TEAM = DJYQ9E2R5Z;
				INFOPLIST_FILE = JJSimpleRevealVCDemo/Info.plist;
				LD_RUNPATH_SEARCH_PATHS = "$(inherited) @executable_path/Frameworks";
				PRODUCT_BUNDLE_IDENTIFIER = self.edu.JJSimpleRevealVCDemo;
				PRODUCT_NAME = "$(TARGET_NAME)";
			};
			name = Release;
		};
		58BF34AF1DC8A51400E0DAC5 /* Debug */ = {
			isa = XCBuildConfiguration;
			buildSettings = {
				BUNDLE_LOADER = "$(TEST_HOST)";
				DEVELOPMENT_TEAM = DJYQ9E2R5Z;
				INFOPLIST_FILE = JJSimpleRevealVCDemoTests/Info.plist;
				LD_RUNPATH_SEARCH_PATHS = "$(inherited) @executable_path/Frameworks @loader_path/Frameworks";
				PRODUCT_BUNDLE_IDENTIFIER = self.edu.JJSimpleRevealVCDemoTests;
				PRODUCT_NAME = "$(TARGET_NAME)";
				TEST_HOST = "$(BUILT_PRODUCTS_DIR)/JJSimpleRevealVCDemo.app/JJSimpleRevealVCDemo";
			};
			name = Debug;
		};
		58BF34B01DC8A51400E0DAC5 /* Release */ = {
			isa = XCBuildConfiguration;
			buildSettings = {
				BUNDLE_LOADER = "$(TEST_HOST)";
				DEVELOPMENT_TEAM = DJYQ9E2R5Z;
				INFOPLIST_FILE = JJSimpleRevealVCDemoTests/Info.plist;
				LD_RUNPATH_SEARCH_PATHS = "$(inherited) @executable_path/Frameworks @loader_path/Frameworks";
				PRODUCT_BUNDLE_IDENTIFIER = self.edu.JJSimpleRevealVCDemoTests;
				PRODUCT_NAME = "$(TARGET_NAME)";
				TEST_HOST = "$(BUILT_PRODUCTS_DIR)/JJSimpleRevealVCDemo.app/JJSimpleRevealVCDemo";
			};
			name = Release;
		};
		58BF34B21DC8A51400E0DAC5 /* Debug */ = {
			isa = XCBuildConfiguration;
			buildSettings = {
				DEVELOPMENT_TEAM = DJYQ9E2R5Z;
				INFOPLIST_FILE = JJSimpleRevealVCDemoUITests/Info.plist;
				LD_RUNPATH_SEARCH_PATHS = "$(inherited) @executable_path/Frameworks @loader_path/Frameworks";
				PRODUCT_BUNDLE_IDENTIFIER = self.edu.JJSimpleRevealVCDemoUITests;
				PRODUCT_NAME = "$(TARGET_NAME)";
				TEST_TARGET_NAME = JJSimpleRevealVCDemo;
			};
			name = Debug;
		};
		58BF34B31DC8A51400E0DAC5 /* Release */ = {
			isa = XCBuildConfiguration;
			buildSettings = {
				DEVELOPMENT_TEAM = DJYQ9E2R5Z;
				INFOPLIST_FILE = JJSimpleRevealVCDemoUITests/Info.plist;
				LD_RUNPATH_SEARCH_PATHS = "$(inherited) @executable_path/Frameworks @loader_path/Frameworks";
				PRODUCT_BUNDLE_IDENTIFIER = self.edu.JJSimpleRevealVCDemoUITests;
				PRODUCT_NAME = "$(TARGET_NAME)";
				TEST_TARGET_NAME = JJSimpleRevealVCDemo;
			};
			name = Release;
		};
/* End XCBuildConfiguration section */

/* Begin XCConfigurationList section */
		58BF34791DC8A51400E0DAC5 /* Build configuration list for PBXProject "JJSimpleRevealVCDemo" */ = {
			isa = XCConfigurationList;
			buildConfigurations = (
				58BF34A91DC8A51400E0DAC5 /* Debug */,
				58BF34AA1DC8A51400E0DAC5 /* Release */,
			);
			defaultConfigurationIsVisible = 0;
			defaultConfigurationName = Release;
		};
		58BF34AB1DC8A51400E0DAC5 /* Build configuration list for PBXNativeTarget "JJSimpleRevealVCDemo" */ = {
			isa = XCConfigurationList;
			buildConfigurations = (
				58BF34AC1DC8A51400E0DAC5 /* Debug */,
				58BF34AD1DC8A51400E0DAC5 /* Release */,
			);
			defaultConfigurationIsVisible = 0;
		};
		58BF34AE1DC8A51400E0DAC5 /* Build configuration list for PBXNativeTarget "JJSimpleRevealVCDemoTests" */ = {
			isa = XCConfigurationList;
			buildConfigurations = (
				58BF34AF1DC8A51400E0DAC5 /* Debug */,
				58BF34B01DC8A51400E0DAC5 /* Release */,
			);
			defaultConfigurationIsVisible = 0;
		};
		58BF34B11DC8A51400E0DAC5 /* Build configuration list for PBXNativeTarget "JJSimpleRevealVCDemoUITests" */ = {
			isa = XCConfigurationList;
			buildConfigurations = (
				58BF34B21DC8A51400E0DAC5 /* Debug */,
				58BF34B31DC8A51400E0DAC5 /* Release */,
			);
			defaultConfigurationIsVisible = 0;
		};
/* End XCConfigurationList section */
	};
	rootObject = 58BF34761DC8A51400E0DAC5 /* Project object */;
}
